PODS:
  - EmptyDataSet-Swift (4.0.5)
  - FontBlaster (4.0.3)

DEPENDENCIES:
  - EmptyDataSet-Swift (~> 4.0.5)
  - FontBlaster

SPEC REPOS:
  https://github.com/cocoapods/specs.git:
    - EmptyDataSet-Swift
    - FontBlaster

SPEC CHECKSUMS:
  EmptyDataSet-Swift: a25810f50c3adfaa3840aa33ae8b5ba12ac29279
  FontBlaster: f18031f5dde2ce689f5330e7005edfe3c0815957

PODFILE CHECKSUM: 2122d1b3e054af8806705843fd9de13a53435cbf

COCOAPODS: 1.5.3
